
Microsoft Visual Studio Solution File, Format Version 12.00
# Visual Studio Version 17
VisualStudioVersion = 17.14.36401.2
MinimumVisualStudioVersion = 10.0.40219.1
Project("{FAE04EC0-301F-11D3-BF4B-00C04F79EFBC}") = "AIA", "AIA.csproj", "{8E61AE1F-D9E0-4B3F-8471-1CBA8C330C0E}"
EndProject
Project("{2150E333-8FDC-42A3-9474-1A3956D46DE8}") = "Plugins", "Plugins", "{07D57EEB-2F50-60C4-C011-FE4FA775C9A8}"
EndProject
Project("{2150E333-8FDC-42A3-9474-1A3956D46DE8}") = "SDK", "SDK", "{DDAC9925-4715-447A-9C5B-A0261497724B}"
EndProject
Project("{FAE04EC0-301F-11D3-BF4B-00C04F79EFBC}") = "AIA.Plugins.SDK", "Plugins\SDK\AIA.Plugins.SDK.csproj", "{5686737B-B320-4DD5-9AF0-E5465A4CAEE5}"
EndProject
Project("{2150E333-8FDC-42A3-9474-1A3956D46DE8}") = "Outlook", "Outlook", "{F09B8F94-BD73-9697-F68C-82CDA8188175}"
EndProject
Project("{FAE04EC0-301F-11D3-BF4B-00C04F79EFBC}") = "AIA.Plugins.Outlook", "Plugins\Outlook\AIA.Plugins.Outlook.csproj", "{DA9AD2A0-311B-4D64-9AA5-D1E5ABD05D08}"
EndProject
Project("{2150E333-8FDC-42A3-9474-1A3956D46DE8}") = "Teams", "Teams", "{7E030D7D-AA1C-EA0D-AB3E-8391F7EE8DA6}"
EndProject
Project("{FAE04EC0-301F-11D3-BF4B-00C04F79EFBC}") = "AIA.Plugins.Teams", "Plugins\Teams\AIA.Plugins.Teams.csproj", "{A775A65A-3EEC-4031-B746-2D5E1A47BB0C}"
EndProject
Global
	GlobalSection(SolutionConfigurationPlatforms) = preSolution
		Debug|Any CPU = Debug|Any CPU
		Debug|x64 = Debug|x64
		Debug|x86 = Debug|x86
		Release|Any CPU = Release|Any CPU
		Release|x64 = Release|x64
		Release|x86 = Release|x86
	EndGlobalSection
	GlobalSection(ProjectConfigurationPlatforms) = postSolution
		{8E61AE1F-D9E0-4B3F-8471-1CBA8C330C0E}.Debug|Any CPU.ActiveCfg = Debug|Any CPU
		{8E61AE1F-D9E0-4B3F-8471-1CBA8C330C0E}.Debug|Any CPU.Build.0 = Debug|Any CPU
		{8E61AE1F-D9E0-4B3F-8471-1CBA8C330C0E}.Debug|x64.ActiveCfg = Debug|Any CPU
		{8E61AE1F-D9E0-4B3F-8471-1CBA8C330C0E}.Debug|x64.Build.0 = Debug|Any CPU
		{8E61AE1F-D9E0-4B3F-8471-1CBA8C330C0E}.Debug|x86.ActiveCfg = Debug|Any CPU
		{8E61AE1F-D9E0-4B3F-8471-1CBA8C330C0E}.Debug|x86.Build.0 = Debug|Any CPU
		{8E61AE1F-D9E0-4B3F-8471-1CBA8C330C0E}.Release|Any CPU.ActiveCfg = Release|Any CPU
		{8E61AE1F-D9E0-4B3F-8471-1CBA8C330C0E}.Release|Any CPU.Build.0 = Release|Any CPU
		{8E61AE1F-D9E0-4B3F-8471-1CBA8C330C0E}.Release|x64.ActiveCfg = Release|Any CPU
		{8E61AE1F-D9E0-4B3F-8471-1CBA8C330C0E}.Release|x64.Build.0 = Release|Any CPU
		{8E61AE1F-D9E0-4B3F-8471-1CBA8C330C0E}.Release|x86.ActiveCfg = Release|Any CPU
		{8E61AE1F-D9E0-4B3F-8471-1CBA8C330C0E}.Release|x86.Build.0 = Release|Any CPU
		{5686737B-B320-4DD5-9AF0-E5465A4CAEE5}.Debug|Any CPU.ActiveCfg = Debug|Any CPU
		{5686737B-B320-4DD5-9AF0-E5465A4CAEE5}.Debug|Any CPU.Build.0 = Debug|Any CPU
		{5686737B-B320-4DD5-9AF0-E5465A4CAEE5}.Debug|x64.ActiveCfg = Debug|Any CPU
		{5686737B-B320-4DD5-9AF0-E5465A4CAEE5}.Debug|x64.Build.0 = Debug|Any CPU
		{5686737B-B320-4DD5-9AF0-E5465A4CAEE5}.Debug|x86.ActiveCfg = Debug|Any CPU
		{5686737B-B320-4DD5-9AF0-E5465A4CAEE5}.Debug|x86.Build.0 = Debug|Any CPU
		{5686737B-B320-4DD5-9AF0-E5465A4CAEE5}.Release|Any CPU.ActiveCfg = Release|Any CPU
		{5686737B-B320-4DD5-9AF0-E5465A4CAEE5}.Release|Any CPU.Build.0 = Release|Any CPU
		{5686737B-B320-4DD5-9AF0-E5465A4CAEE5}.Release|x64.ActiveCfg = Release|Any CPU
		{5686737B-B320-4DD5-9AF0-E5465A4CAEE5}.Release|x64.Build.0 = Release|Any CPU
		{5686737B-B320-4DD5-9AF0-E5465A4CAEE5}.Release|x86.ActiveCfg = Release|Any CPU
		{5686737B-B320-4DD5-9AF0-E5465A4CAEE5}.Release|x86.Build.0 = Release|Any CPU
		{DA9AD2A0-311B-4D64-9AA5-D1E5ABD05D08}.Debug|Any CPU.ActiveCfg = Debug|Any CPU
		{DA9AD2A0-311B-4D64-9AA5-D1E5ABD05D08}.Debug|Any CPU.Build.0 = Debug|Any CPU
		{DA9AD2A0-311B-4D64-9AA5-D1E5ABD05D08}.Debug|x64.ActiveCfg = Debug|Any CPU
		{DA9AD2A0-311B-4D64-9AA5-D1E5ABD05D08}.Debug|x64.Build.0 = Debug|Any CPU
		{DA9AD2A0-311B-4D64-9AA5-D1E5ABD05D08}.Debug|x86.ActiveCfg = Debug|Any CPU
		{DA9AD2A0-311B-4D64-9AA5-D1E5ABD05D08}.Debug|x86.Build.0 = Debug|Any CPU
		{DA9AD2A0-311B-4D64-9AA5-D1E5ABD05D08}.Release|Any CPU.ActiveCfg = Release|Any CPU
		{DA9AD2A0-311B-4D64-9AA5-D1E5ABD05D08}.Release|Any CPU.Build.0 = Release|Any CPU
		{DA9AD2A0-311B-4D64-9AA5-D1E5ABD05D08}.Release|x64.ActiveCfg = Release|Any CPU
		{DA9AD2A0-311B-4D64-9AA5-D1E5ABD05D08}.Release|x64.Build.0 = Release|Any CPU
		{DA9AD2A0-311B-4D64-9AA5-D1E5ABD05D08}.Release|x86.ActiveCfg = Release|Any CPU
		{DA9AD2A0-311B-4D64-9AA5-D1E5ABD05D08}.Release|x86.Build.0 = Release|Any CPU
		{A775A65A-3EEC-4031-B746-2D5E1A47BB0C}.Debug|Any CPU.ActiveCfg = Debug|Any CPU
		{A775A65A-3EEC-4031-B746-2D5E1A47BB0C}.Debug|Any CPU.Build.0 = Debug|Any CPU
		{A775A65A-3EEC-4031-B746-2D5E1A47BB0C}.Debug|x64.ActiveCfg = Debug|Any CPU
		{A775A65A-3EEC-4031-B746-2D5E1A47BB0C}.Debug|x64.Build.0 = Debug|Any CPU
		{A775A65A-3EEC-4031-B746-2D5E1A47BB0C}.Debug|x86.ActiveCfg = Debug|Any CPU
		{A775A65A-3EEC-4031-B746-2D5E1A47BB0C}.Debug|x86.Build.0 = Debug|Any CPU
		{A775A65A-3EEC-4031-B746-2D5E1A47BB0C}.Release|Any CPU.ActiveCfg = Release|Any CPU
		{A775A65A-3EEC-4031-B746-2D5E1A47BB0C}.Release|Any CPU.Build.0 = Release|Any CPU
		{A775A65A-3EEC-4031-B746-2D5E1A47BB0C}.Release|x64.ActiveCfg = Release|Any CPU
		{A775A65A-3EEC-4031-B746-2D5E1A47BB0C}.Release|x64.Build.0 = Release|Any CPU
		{A775A65A-3EEC-4031-B746-2D5E1A47BB0C}.Release|x86.ActiveCfg = Release|Any CPU
		{A775A65A-3EEC-4031-B746-2D5E1A47BB0C}.Release|x86.Build.0 = Release|Any CPU
	EndGlobalSection
	GlobalSection(SolutionProperties) = preSolution
		HideSolutionNode = FALSE
	EndGlobalSection
	GlobalSection(NestedProjects) = preSolution
		{DDAC9925-4715-447A-9C5B-A0261497724B} = {07D57EEB-2F50-60C4-C011-FE4FA775C9A8}
		{5686737B-B320-4DD5-9AF0-E5465A4CAEE5} = {DDAC9925-4715-447A-9C5B-A0261497724B}
		{F09B8F94-BD73-9697-F68C-82CDA8188175} = {07D57EEB-2F50-60C4-C011-FE4FA775C9A8}
		{DA9AD2A0-311B-4D64-9AA5-D1E5ABD05D08} = {F09B8F94-BD73-9697-F68C-82CDA8188175}
		{7E030D7D-AA1C-EA0D-AB3E-8391F7EE8DA6} = {07D57EEB-2F50-60C4-C011-FE4FA775C9A8}
		{A775A65A-3EEC-4031-B746-2D5E1A47BB0C} = {7E030D7D-AA1C-EA0D-AB3E-8391F7EE8DA6}
	EndGlobalSection
	GlobalSection(ExtensibilityGlobals) = postSolution
		SolutionGuid = {97795368-2B02-4676-83B5-CBBF68E7B82A}
	EndGlobalSection
EndGlobal
